{
  "name": "PSInventory",
  "lockfileVersion": 3,
  "requires": true,
  "packages": {
    "": {
      "dependencies": {
        "@wailsio/runtime": "^3.0.0-alpha.26"
      }
    },
    "node_modules/@wailsio/runtime": {
      "version": "3.0.0-alpha.26",
      "resolved": "https://registry.npmjs.org/@wailsio/runtime/-/runtime-3.0.0-alpha.26.tgz",
      "integrity": "sha512-ofxMEv7vuQtYSTX7oFdyqJeT/GYO3GPHjVTUMj5ZCgCqbZks8ZqskV2/5KVc1pHuS0PIDw9XWNC7j8VkUY6ZGg==",
      "license": "MIT",
      "dependencies": {
        "nanoid": "^5.0.7"
      }
    },
    "node_modules/nanoid": {
      "version": "5.0.7",
      "resolved": "https://registry.npmjs.org/nanoid/-/nanoid-5.0.7.tgz",
      "integrity": "sha512-oLxFY2gd2IqnjcYyOXD8XGCftpGtZP2AbHbOkthDkvRywH5ayNtPVy9YlOPcHckXzbLTCHpkb7FB+yuxKV13pQ==",
      "funding": [
        {
          "type": "github",
          "url": "https://github.com/sponsors/ai"
        }
      ],
      "license": "MIT",
      "bin": {
        "nanoid": "bin/nanoid.js"
      },
      "engines": {
        "node": "^18 || >=20"
      }
    }
  }
}
